
Microsoft Visual Studio Solution File, Format Version 12.00
# Visual Studio Version 16
VisualStudioVersion = 16.0.30717.126
MinimumVisualStudioVersion = 10.0.40219.1
Project("{9A19103F-16F7-4668-BE54-9A1E7A4F7556}") = "Kashkeshet.ClientHost", "Kashkeshet.ClientHost\Kashkeshet.ClientHost.csproj", "{BF9DCB70-0556-4917-A718-23F8778157E2}"
EndProject
Project("{9A19103F-16F7-4668-BE54-9A1E7A4F7556}") = "Kashkeshet.ClientSide", "Kashkeshet.ClientSide\Kashkeshet.ClientSide.csproj", "{4A80CB15-4157-4F02-9C20-F6374DA4265D}"
EndProject
Project("{9A19103F-16F7-4668-BE54-9A1E7A4F7556}") = "Kashkeshet.Common", "Kashkeshet.Common\Kashkeshet.Common.csproj", "{4EA07F44-256D-4428-A30F-F661BBFC35CB}"
EndProject
Project("{9A19103F-16F7-4668-BE54-9A1E7A4F7556}") = "Kashkeshet.ConsoleUI", "Kashkeshet.ConsoleUI\Kashkeshet.ConsoleUI.csproj", "{0533FE53-C734-4ABB-9A1B-D4E16462C847}"
EndProject
Project("{9A19103F-16F7-4668-BE54-9A1E7A4F7556}") = "Kashkeshet.ServerHost", "Kashkeshet.ServerHost\Kashkeshet.ServerHost.csproj", "{13EB3A4D-72F4-4759-943A-9DC810D6F4E8}"
EndProject
Project("{9A19103F-16F7-4668-BE54-9A1E7A4F7556}") = "Kashkeshet.ServerSide", "Kashkeshet.ServerSide\Kashkeshet.ServerSide.csproj", "{1DEC33FC-47A4-4BC6-A762-0F500370C977}"
EndProject
Project("{2150E333-8FDC-42A3-9474-1A3956D46DE8}") = "Factories", "Factories", "{0C6A9799-57DD-46DF-9BDB-8EA6EC5A1D44}"
EndProject
Project("{2150E333-8FDC-42A3-9474-1A3956D46DE8}") = "Application", "Application", "{41D60C78-1532-4E62-BF4D-88AD63EE7C60}"
EndProject
Project("{9A19103F-16F7-4668-BE54-9A1E7A4F7556}") = "Kashkeshet.ServerFactories", "Kashkeshet.ServerFactories\Kashkeshet.ServerFactories.csproj", "{E8A67431-A215-42E0-A9A3-E28F8E63D3B2}"
EndProject
Project("{9A19103F-16F7-4668-BE54-9A1E7A4F7556}") = "Kashkeshet.ClientFactories", "Kashkeshet.ClientFactories\Kashkeshet.ClientFactories.csproj", "{3FFA106B-2C37-41B1-849D-4A5F81C342F9}"
EndProject
Project("{2150E333-8FDC-42A3-9474-1A3956D46DE8}") = "BL", "BL", "{C77419FF-95DE-46D7-AEE5-6A4277D6619C}"
EndProject
Project("{FAE04EC0-301F-11D3-BF4B-00C04F79EFBC}") = "BlazorClient", "BlazorClient\BlazorClient.csproj", "{69ADBDBA-623E-498C-8710-C0B1847C1101}"
EndProject
Global
	GlobalSection(SolutionConfigurationPlatforms) = preSolution
		Debug|Any CPU = Debug|Any CPU
		Release|Any CPU = Release|Any CPU
	EndGlobalSection
	GlobalSection(ProjectConfigurationPlatforms) = postSolution
		{BF9DCB70-0556-4917-A718-23F8778157E2}.Debug|Any CPU.ActiveCfg = Debug|Any CPU
		{BF9DCB70-0556-4917-A718-23F8778157E2}.Debug|Any CPU.Build.0 = Debug|Any CPU
		{BF9DCB70-0556-4917-A718-23F8778157E2}.Release|Any CPU.ActiveCfg = Release|Any CPU
		{BF9DCB70-0556-4917-A718-23F8778157E2}.Release|Any CPU.Build.0 = Release|Any CPU
		{4A80CB15-4157-4F02-9C20-F6374DA4265D}.Debug|Any CPU.ActiveCfg = Debug|Any CPU
		{4A80CB15-4157-4F02-9C20-F6374DA4265D}.Debug|Any CPU.Build.0 = Debug|Any CPU
		{4A80CB15-4157-4F02-9C20-F6374DA4265D}.Release|Any CPU.ActiveCfg = Release|Any CPU
		{4A80CB15-4157-4F02-9C20-F6374DA4265D}.Release|Any CPU.Build.0 = Release|Any CPU
		{4EA07F44-256D-4428-A30F-F661BBFC35CB}.Debug|Any CPU.ActiveCfg = Debug|Any CPU
		{4EA07F44-256D-4428-A30F-F661BBFC35CB}.Debug|Any CPU.Build.0 = Debug|Any CPU
		{4EA07F44-256D-4428-A30F-F661BBFC35CB}.Release|Any CPU.ActiveCfg = Release|Any CPU
		{4EA07F44-256D-4428-A30F-F661BBFC35CB}.Release|Any CPU.Build.0 = Release|Any CPU
		{0533FE53-C734-4ABB-9A1B-D4E16462C847}.Debug|Any CPU.ActiveCfg = Debug|Any CPU
		{0533FE53-C734-4ABB-9A1B-D4E16462C847}.Debug|Any CPU.Build.0 = Debug|Any CPU
		{0533FE53-C734-4ABB-9A1B-D4E16462C847}.Release|Any CPU.ActiveCfg = Release|Any CPU
		{0533FE53-C734-4ABB-9A1B-D4E16462C847}.Release|Any CPU.Build.0 = Release|Any CPU
		{13EB3A4D-72F4-4759-943A-9DC810D6F4E8}.Debug|Any CPU.ActiveCfg = Debug|Any CPU
		{13EB3A4D-72F4-4759-943A-9DC810D6F4E8}.Debug|Any CPU.Build.0 = Debug|Any CPU
		{13EB3A4D-72F4-4759-943A-9DC810D6F4E8}.Release|Any CPU.ActiveCfg = Release|Any CPU
		{13EB3A4D-72F4-4759-943A-9DC810D6F4E8}.Release|Any CPU.Build.0 = Release|Any CPU
		{1DEC33FC-47A4-4BC6-A762-0F500370C977}.Debug|Any CPU.ActiveCfg = Debug|Any CPU
		{1DEC33FC-47A4-4BC6-A762-0F500370C977}.Debug|Any CPU.Build.0 = Debug|Any CPU
		{1DEC33FC-47A4-4BC6-A762-0F500370C977}.Release|Any CPU.ActiveCfg = Release|Any CPU
		{1DEC33FC-47A4-4BC6-A762-0F500370C977}.Release|Any CPU.Build.0 = Release|Any CPU
		{E8A67431-A215-42E0-A9A3-E28F8E63D3B2}.Debug|Any CPU.ActiveCfg = Debug|Any CPU
		{E8A67431-A215-42E0-A9A3-E28F8E63D3B2}.Debug|Any CPU.Build.0 = Debug|Any CPU
		{E8A67431-A215-42E0-A9A3-E28F8E63D3B2}.Release|Any CPU.ActiveCfg = Release|Any CPU
		{E8A67431-A215-42E0-A9A3-E28F8E63D3B2}.Release|Any CPU.Build.0 = Release|Any CPU
		{3FFA106B-2C37-41B1-849D-4A5F81C342F9}.Debug|Any CPU.ActiveCfg = Debug|Any CPU
		{3FFA106B-2C37-41B1-849D-4A5F81C342F9}.Debug|Any CPU.Build.0 = Debug|Any CPU
		{3FFA106B-2C37-41B1-849D-4A5F81C342F9}.Release|Any CPU.ActiveCfg = Release|Any CPU
		{3FFA106B-2C37-41B1-849D-4A5F81C342F9}.Release|Any CPU.Build.0 = Release|Any CPU
		{69ADBDBA-623E-498C-8710-C0B1847C1101}.Debug|Any CPU.ActiveCfg = Debug|Any CPU
		{69ADBDBA-623E-498C-8710-C0B1847C1101}.Debug|Any CPU.Build.0 = Debug|Any CPU
		{69ADBDBA-623E-498C-8710-C0B1847C1101}.Release|Any CPU.ActiveCfg = Release|Any CPU
		{69ADBDBA-623E-498C-8710-C0B1847C1101}.Release|Any CPU.Build.0 = Release|Any CPU
	EndGlobalSection
	GlobalSection(SolutionProperties) = preSolution
		HideSolutionNode = FALSE
	EndGlobalSection
	GlobalSection(NestedProjects) = preSolution
		{BF9DCB70-0556-4917-A718-23F8778157E2} = {41D60C78-1532-4E62-BF4D-88AD63EE7C60}
		{4A80CB15-4157-4F02-9C20-F6374DA4265D} = {C77419FF-95DE-46D7-AEE5-6A4277D6619C}
		{4EA07F44-256D-4428-A30F-F661BBFC35CB} = {C77419FF-95DE-46D7-AEE5-6A4277D6619C}
		{0533FE53-C734-4ABB-9A1B-D4E16462C847} = {41D60C78-1532-4E62-BF4D-88AD63EE7C60}
		{13EB3A4D-72F4-4759-943A-9DC810D6F4E8} = {41D60C78-1532-4E62-BF4D-88AD63EE7C60}
		{1DEC33FC-47A4-4BC6-A762-0F500370C977} = {C77419FF-95DE-46D7-AEE5-6A4277D6619C}
		{0C6A9799-57DD-46DF-9BDB-8EA6EC5A1D44} = {C77419FF-95DE-46D7-AEE5-6A4277D6619C}
		{E8A67431-A215-42E0-A9A3-E28F8E63D3B2} = {0C6A9799-57DD-46DF-9BDB-8EA6EC5A1D44}
		{3FFA106B-2C37-41B1-849D-4A5F81C342F9} = {0C6A9799-57DD-46DF-9BDB-8EA6EC5A1D44}
		{69ADBDBA-623E-498C-8710-C0B1847C1101} = {41D60C78-1532-4E62-BF4D-88AD63EE7C60}
	EndGlobalSection
	GlobalSection(ExtensibilityGlobals) = postSolution
		SolutionGuid = {7B09F55A-4E7B-4603-824F-2647F9C4ED5D}
	EndGlobalSection
EndGlobal
